
Microsoft Visual Studio Solution File, Format Version 12.00
Project("{FAE04EC0-301F-11D3-BF4B-00C04F79EFBC}") = "TilePhys", "TilePhys\TilePhys.csproj", "{DBED2A9C-6115-43F9-8ABF-2E01619CB960}"
EndProject
Global
	GlobalSection(SolutionConfigurationPlatforms) = preSolution
		Debug|Any CPU = Debug|Any CPU
		Release|Any CPU = Release|Any CPU
	EndGlobalSection
	GlobalSection(ProjectConfigurationPlatforms) = postSolution
		{DBED2A9C-6115-43F9-8ABF-2E01619CB960}.Debug|Any CPU.ActiveCfg = Debug|Any CPU
		{DBED2A9C-6115-43F9-8ABF-2E01619CB960}.Debug|Any CPU.Build.0 = Debug|Any CPU
		{DBED2A9C-6115-43F9-8ABF-2E01619CB960}.Release|Any CPU.ActiveCfg = Release|Any CPU
		{DBED2A9C-6115-43F9-8ABF-2E01619CB960}.Release|Any CPU.Build.0 = Release|Any CPU
	EndGlobalSection
EndGlobal
